
Microsoft Visual Studio Solution File, Format Version 12.00
# Visual Studio Version 16
VisualStudioVersion = 16.0.31402.337
MinimumVisualStudioVersion = 10.0.40219.1
Project("{FAE04EC0-301F-11D3-BF4B-00C04F79EFBC}") = "CursoNelio3", "CursoNelio3.csproj", "{8C677994-2488-4A05-B89A-82C0752854B2}"
EndProject
Global
	GlobalSection(SolutionConfigurationPlatforms) = preSolution
		Debug|Any CPU = Debug|Any CPU
		Release|Any CPU = Release|Any CPU
	EndGlobalSection
	GlobalSection(ProjectConfigurationPlatforms) = postSolution
		{8C677994-2488-4A05-B89A-82C0752854B2}.Debug|Any CPU.ActiveCfg = Debug|Any CPU
		{8C677994-2488-4A05-B89A-82C0752854B2}.Debug|Any CPU.Build.0 = Debug|Any CPU
		{8C677994-2488-4A05-B89A-82C0752854B2}.Release|Any CPU.ActiveCfg = Release|Any CPU
		{8C677994-2488-4A05-B89A-82C0752854B2}.Release|Any CPU.Build.0 = Release|Any CPU
	EndGlobalSection
	GlobalSection(SolutionProperties) = preSolution
		HideSolutionNode = FALSE
	EndGlobalSection
	GlobalSection(ExtensibilityGlobals) = postSolution
		SolutionGuid = {313FEDFC-6AC3-4EFE-BF9F-2CD199A49D1C}
	EndGlobalSection
EndGlobal
